<?xml version="1.0" encoding="utf-8"?>
<Project ToolsVersion="4.0" xmlns="http://schemas.microsoft.com/developer/msbuild/2003">
  <ItemGroup>
    <Filter Include="源文件">
      <UniqueIdentifier>{4FC737F1-C7A5-4376-A066-2A32D752A2FF}</UniqueIdentifier>
      <Extensions>cpp;c;cc;cxx;c++;cppm;ixx;def;odl;idl;hpj;bat;asm;asmx</Extensions>
    </Filter>
    <Filter Include="头文件">
      <UniqueIdentifier>{93995380-89BD-4b04-88EB-625FBE52EBFB}</UniqueIdentifier>
      <Extensions>h;hh;hpp;hxx;h++;hm;inl;inc;ipp;xsd</Extensions>
    </Filter>
    <Filter Include="资源文件">
      <UniqueIdentifier>{67DA6AB6-F800-4c08-8B7A-83BB121AAD01}</UniqueIdentifier>
      <Extensions>rc;ico;cur;bmp;dlg;rc2;rct;bin;rgs;gif;jpg;jpeg;jpe;resx;tiff;tif;png;wav;mfcribbon-ms</Extensions>
    </Filter>
    <Filter Include="头文件\lan">
      <UniqueIdentifier>{65303a32-ba57-4f22-9702-94edf04b04f2}</UniqueIdentifier>
    </Filter>
    <Filter Include="头文件\GUI">
      <UniqueIdentifier>{3fbf5725-fd51-4730-9440-23878ae0e296}</UniqueIdentifier>
    </Filter>
    <Filter Include="头文件\media">
      <UniqueIdentifier>{6b21acfc-7d69-46be-afbb-343e8b6ec362}</UniqueIdentifier>
    </Filter>
    <Filter Include="头文件\runtime">
      <UniqueIdentifier>{f25cc16b-63c3-42b3-815a-bb9528c9a37f}</UniqueIdentifier>
    </Filter>
    <Filter Include="源文件\HiEasyX">
      <UniqueIdentifier>{67b15597-1b92-42f8-a314-3ad03e00c6e7}</UniqueIdentifier>
    </Filter>
  </ItemGroup>
  <ItemGroup>
    <ClCompile Include="system.cpp">
      <Filter>源文件</Filter>
    </ClCompile>
    <ClCompile Include="runtime\HiEasyX\HiGUI\Button.cpp">
      <Filter>源文件\HiEasyX</Filter>
    </ClCompile>
    <ClCompile Include="runtime\HiEasyX\HiGUI\ControlBase.cpp">
      <Filter>源文件\HiEasyX</Filter>
    </ClCompile>
    <ClCompile Include="runtime\HiEasyX\HiCanvas.cpp">
      <Filter>源文件\HiEasyX</Filter>
    </ClCompile>
    <ClCompile Include="runtime\HiEasyX\HiContainer.cpp">
      <Filter>源文件\HiEasyX</Filter>
    </ClCompile>
    <ClCompile Include="runtime\HiEasyX\HiDrawingProperty.cpp">
      <Filter>源文件\HiEasyX</Filter>
    </ClCompile>
    <ClCompile Include="runtime\HiEasyX\HiFPS.cpp">
      <Filter>源文件\HiEasyX</Filter>
    </ClCompile>
    <ClCompile Include="runtime\HiEasyX\HiFunc.cpp">
      <Filter>源文件\HiEasyX</Filter>
    </ClCompile>
    <ClCompile Include="runtime\HiEasyX\HiGif.cpp">
      <Filter>源文件\HiEasyX</Filter>
    </ClCompile>
    <ClCompile Include="runtime\HiEasyX\HiIcon.cpp">
      <Filter>源文件\HiEasyX</Filter>
    </ClCompile>
    <ClCompile Include="runtime\HiEasyX\HiMouseDrag.cpp">
      <Filter>源文件\HiEasyX</Filter>
    </ClCompile>
    <ClCompile Include="runtime\HiEasyX\HiMusicMCI.cpp">
      <Filter>源文件\HiEasyX</Filter>
    </ClCompile>
    <ClCompile Include="runtime\HiEasyX\HiStart.cpp">
      <Filter>源文件\HiEasyX</Filter>
    </ClCompile>
    <ClCompile Include="runtime\HiEasyX\HiWindow.cpp">
      <Filter>源文件\HiEasyX</Filter>
    </ClCompile>
    <ClCompile Include="runtime\HiEasyX\HiGUI\Page.cpp">
      <Filter>源文件\HiEasyX</Filter>
    </ClCompile>
    <ClCompile Include="runtime\HiEasyX\HiGUI\ProgressCtrl.cpp">
      <Filter>源文件\HiEasyX</Filter>
    </ClCompile>
    <ClCompile Include="runtime\HiEasyX\HiGUI\ScrollBar.cpp">
      <Filter>源文件\HiEasyX</Filter>
    </ClCompile>
    <ClCompile Include="runtime\HiEasyX\HiGUI\Static.cpp">
      <Filter>源文件\HiEasyX</Filter>
    </ClCompile>
    <ClCompile Include="runtime\HiEasyX\HiSysGUI\SysButton.cpp">
      <Filter>源文件\HiEasyX</Filter>
    </ClCompile>
    <ClCompile Include="runtime\HiEasyX\HiSysGUI\SysCheckBox.cpp">
      <Filter>源文件\HiEasyX</Filter>
    </ClCompile>
    <ClCompile Include="runtime\HiEasyX\HiSysGUI\SysComboBox.cpp">
      <Filter>源文件\HiEasyX</Filter>
    </ClCompile>
    <ClCompile Include="runtime\HiEasyX\HiSysGUI\SysControlBase.cpp">
      <Filter>源文件\HiEasyX</Filter>
    </ClCompile>
    <ClCompile Include="runtime\HiEasyX\HiSysGUI\SysEdit.cpp">
      <Filter>源文件\HiEasyX</Filter>
    </ClCompile>
    <ClCompile Include="runtime\HiEasyX\HiSysGUI\SysGroup.cpp">
      <Filter>源文件\HiEasyX</Filter>
    </ClCompile>
    <ClCompile Include="runtime\HiEasyX\HiSysGUI\SysGroupBox.cpp">
      <Filter>源文件\HiEasyX</Filter>
    </ClCompile>
    <ClCompile Include="runtime\HiEasyX\HiSysGUI\SysRadioButton.cpp">
      <Filter>源文件\HiEasyX</Filter>
    </ClCompile>
    <ClCompile Include="runtime\HiEasyX\HiSysGUI\SysStatic.cpp">
      <Filter>源文件\HiEasyX</Filter>
    </ClCompile>
  </ItemGroup>
  <ItemGroup>
    <ClInclude Include="base64.h">
      <Filter>头文件</Filter>
    </ClInclude>
    <ClInclude Include="cbxtxt.h">
      <Filter>头文件</Filter>
    </ClInclude>
    <ClInclude Include="controls.h">
      <Filter>头文件</Filter>
    </ClInclude>
    <ClInclude Include="convert.h">
      <Filter>头文件</Filter>
    </ClInclude>
    <ClInclude Include="defined.h">
      <Filter>头文件</Filter>
    </ClInclude>
    <ClInclude Include="docommand.h">
      <Filter>头文件</Filter>
    </ClInclude>
    <ClInclude Include="file.h">
      <Filter>头文件</Filter>
    </ClInclude>
    <ClInclude Include="includes.h">
      <Filter>头文件</Filter>
    </ClInclude>
    <ClInclude Include="resource.h">
      <Filter>头文件</Filter>
    </ClInclude>
    <ClInclude Include="settings.h">
      <Filter>头文件</Filter>
    </ClInclude>
    <ClInclude Include="structs.h">
      <Filter>头文件</Filter>
    </ClInclude>
    <ClInclude Include="using.h">
      <Filter>头文件</Filter>
    </ClInclude>
    <ClInclude Include="lan\urldown.h">
      <Filter>头文件\lan</Filter>
    </ClInclude>
    <ClInclude Include="guide\gmain.h">
      <Filter>头文件\GUI</Filter>
    </ClInclude>
    <ClInclude Include="guide\refresh.h">
      <Filter>头文件\GUI</Filter>
    </ClInclude>
    <ClInclude Include="media\sound.h">
      <Filter>头文件\media</Filter>
    </ClInclude>
    <ClInclude Include="runtime\HiEasyX.h">
      <Filter>头文件\runtime</Filter>
    </ClInclude>
    <ClInclude Include="startui.h">
      <Filter>头文件\GUI</Filter>
    </ClInclude>
  </ItemGroup>
  <ItemGroup>
    <None Include="cursor1.cur">
      <Filter>资源文件</Filter>
    </None>
  </ItemGroup>
  <ItemGroup>
    <Image Include="icon1.ico">
      <Filter>资源文件</Filter>
    </Image>
  </ItemGroup>
  <ItemGroup>
    <ResourceCompile Include="PSYSTEM.rc">
      <Filter>资源文件</Filter>
    </ResourceCompile>
  </ItemGroup>
</Project>